<?xml version="1.0" encoding="utf-8"?>
<Project ToolsVersion="4.0" xmlns="http://schemas.microsoft.com/developer/msbuild/2003">
  <ItemGroup>
    <CudaCompile Include="Particle_kernal.cu">
      <Filter>CUDA</Filter>
    </CudaCompile>
    <CudaCompile Include="Transformer_kernal.cu">
      <Filter>CUDA</Filter>
    </CudaCompile>
    <CudaCompile Include="ExplicitTimeIntegrator.cu">
      <Filter>CUDA</Filter>
    </CudaCompile>
    <CudaCompile Include="TimeIntegrator.cu">
      <Filter>CUDA</Filter>
    </CudaCompile>
    <CudaCompile Include="P2GKernal.cu">
      <Filter>CUDA</Filter>
    </CudaCompile>
    <CudaCompile Include="G2PKernal.cu">
      <Filter>CUDA</Filter>
    </CudaCompile>
    <CudaCompile Include="cuda_kernal_tools.cu">
      <Filter>CUDA</Filter>
    </CudaCompile>
    <CudaCompile Include="zsSVD.cu">
      <Filter>CUDA</Filter>
    </CudaCompile>
  </ItemGroup>
  <ItemGroup>
    <ClCompile Include="gl_main.cpp">
      <Filter>GL</Filter>
    </ClCompile>
    <ClCompile Include="lodepng.cpp">
      <Filter>GL</Filter>
    </ClCompile>
    <ClCompile Include="SPGridMask.cpp">
      <Filter>source</Filter>
    </ClCompile>
    <ClCompile Include="SPGrid.cpp">
      <Filter>source</Filter>
    </ClCompile>
    <ClCompile Include="Simulator.cpp">
      <Filter>source</Filter>
    </ClCompile>
    <ClCompile Include="Particles.cpp">
      <Filter>source</Filter>
    </ClCompile>
    <ClCompile Include="Models.cpp">
      <Filter>source</Filter>
    </ClCompile>
    <ClCompile Include="Materials.cpp">
      <Filter>source</Filter>
    </ClCompile>
    <ClCompile Include="Main.cpp">
      <Filter>source</Filter>
    </ClCompile>
    <ClCompile Include="LoadSample.cpp">
      <Filter>source</Filter>
    </ClCompile>
    <ClCompile Include="Transformer.cpp">
      <Filter>source</Filter>
    </ClCompile>
  </ItemGroup>
  <ItemGroup>
    <ClInclude Include="gl_texture.h">
      <Filter>GL</Filter>
    </ClInclude>
    <ClInclude Include="glmainHead.h">
      <Filter>GL</Filter>
    </ClInclude>
    <ClInclude Include="lodepng.h">
      <Filter>GL</Filter>
    </ClInclude>
    <ClInclude Include="SPGridMask.h">
      <Filter>head</Filter>
    </ClInclude>
    <ClInclude Include="SPGrid.h">
      <Filter>head</Filter>
    </ClInclude>
    <ClInclude Include="Setting.h">
      <Filter>head</Filter>
    </ClInclude>
    <ClInclude Include="Simulator.h">
      <Filter>head</Filter>
    </ClInclude>
    <ClInclude Include="Models.h">
      <Filter>head</Filter>
    </ClInclude>
    <ClInclude Include="LoadSample.h">
      <Filter>head</Filter>
    </ClInclude>
    <ClInclude Include="cuda_tools.h">
      <Filter>head</Filter>
    </ClInclude>
    <ClInclude Include="Materials.h">
      <Filter>head</Filter>
    </ClInclude>
    <ClInclude Include="cuda_kernal_tools.cuh">
      <Filter>CUDA</Filter>
    </ClInclude>
    <ClInclude Include="Particles.cuh">
      <Filter>CUDA</Filter>
    </ClInclude>
    <ClInclude Include="Transformer.cuh">
      <Filter>CUDA</Filter>
    </ClInclude>
    <ClInclude Include="TimeIntegrator.cuh">
      <Filter>CUDA</Filter>
    </ClInclude>
    <ClInclude Include="svd3.cuh">
      <Filter>CUDA</Filter>
    </ClInclude>
    <ClInclude Include="P2GKernal.cuh">
      <Filter>CUDA</Filter>
    </ClInclude>
    <ClInclude Include="G2PKernal.cuh">
      <Filter>CUDA</Filter>
    </ClInclude>
    <ClInclude Include="zsSVD.cuh">
      <Filter>CUDA</Filter>
    </ClInclude>
  </ItemGroup>
  <ItemGroup>
    <Filter Include="GL">
      <UniqueIdentifier>{bd2f5925-08b7-497c-ae45-eafebc271299}</UniqueIdentifier>
    </Filter>
    <Filter Include="head">
      <UniqueIdentifier>{b9cfc964-f85f-416f-aedd-e38685912a21}</UniqueIdentifier>
    </Filter>
    <Filter Include="source">
      <UniqueIdentifier>{38e6f88b-6c0d-4964-8fa8-b8efba3afee5}</UniqueIdentifier>
    </Filter>
    <Filter Include="CUDA">
      <UniqueIdentifier>{1a2b492d-4349-4bd7-868a-57a1585d3c08}</UniqueIdentifier>
    </Filter>
  </ItemGroup>
  <ItemGroup>
    <Text Include="CMakeLists.txt" />
  </ItemGroup>
</Project>